
Microsoft Visual Studio Solution File, Format Version 12.00
# Visual Studio Version 16
VisualStudioVersion = 25.0.1705.6
MinimumVisualStudioVersion = 10.0.40219.1
Project("{FAE04EC0-301F-11D3-BF4B-00C04F79EFBC}") = "MySite", "MySite\MySite.csproj", "{068E112C-E079-4580-AAF9-0119B2564ACD}"
EndProject
Global
	GlobalSection(SolutionConfigurationPlatforms) = preSolution
		Debug|Any CPU = Debug|Any CPU
		Release|Any CPU = Release|Any CPU
	EndGlobalSection
	GlobalSection(ProjectConfigurationPlatforms) = postSolution
		{068E112C-E079-4580-AAF9-0119B2564ACD}.Debug|Any CPU.ActiveCfg = Debug|Any CPU
		{068E112C-E079-4580-AAF9-0119B2564ACD}.Debug|Any CPU.Build.0 = Debug|Any CPU
		{068E112C-E079-4580-AAF9-0119B2564ACD}.Release|Any CPU.ActiveCfg = Release|Any CPU
		{068E112C-E079-4580-AAF9-0119B2564ACD}.Release|Any CPU.Build.0 = Release|Any CPU
	EndGlobalSection
	GlobalSection(SolutionProperties) = preSolution
		HideSolutionNode = FALSE
	EndGlobalSection
	GlobalSection(ExtensibilityGlobals) = postSolution
		SolutionGuid = {AC4BFCA6-5A69-4FC8-9184-B7D52C59D61D}
	EndGlobalSection
EndGlobal
